// !$*UTF8*$!
{
	archiveVersion = 1;
	classes = {
	};
	objectVersion = 50;
	objects = {

/* Begin PBXBuildFile section */
		6279CE8C20D3E7AB00B230BB /* MovieCell.swift in Sources */ = {isa = PBXBuildFile; fileRef = 6279CE8B20D3E7AB00B230BB /* MovieCell.swift */; };
		6279CE9120D3E9B800B230BB /* rain.jpg in Resources */ = {isa = PBXBuildFile; fileRef = 6279CE8E20D3E9B800B230BB /* rain.jpg */; };
		6279CE9220D3E9B800B230BB /* darknight.jpg in Resources */ = {isa = PBXBuildFile; fileRef = 6279CE8F20D3E9B800B230BB /* darknight.jpg */; };
		6279CE9320D3E9B800B230BB /* secret.jpg in Resources */ = {isa = PBXBuildFile; fileRef = 6279CE9020D3E9B800B230BB /* secret.jpg */; };
		627CF39E20E361C700FCA423 /* DetailViewController.swift in Sources */ = {isa = PBXBuildFile; fileRef = 627CF39D20E361C700FCA423 /* DetailViewController.swift */; };
		627CF3A020EA337700FCA423 /* Listbullets.png in Resources */ = {isa = PBXBuildFile; fileRef = 627CF39F20EA337700FCA423 /* Listbullets.png */; };
		627CF3A220EA338100FCA423 /* Trailer.png in Resources */ = {isa = PBXBuildFile; fileRef = 627CF3A120EA338100FCA423 /* Trailer.png */; };
		627CF3A420EA374000FCA423 /* TheaterCell.swift in Sources */ = {isa = PBXBuildFile; fileRef = 627CF3A320EA374000FCA423 /* TheaterCell.swift */; };
		627CF3A620EA383100FCA423 /* TheaterListController.swift in Sources */ = {isa = PBXBuildFile; fileRef = 627CF3A520EA383100FCA423 /* TheaterListController.swift */; };
		6280C52120D13B8F00402CD0 /* AppDelegate.swift in Sources */ = {isa = PBXBuildFile; fileRef = 6280C52020D13B8F00402CD0 /* AppDelegate.swift */; };
		6280C52620D13B8F00402CD0 /* Main.storyboard in Resources */ = {isa = PBXBuildFile; fileRef = 6280C52420D13B8F00402CD0 /* Main.storyboard */; };
		6280C52820D13B9000402CD0 /* Assets.xcassets in Resources */ = {isa = PBXBuildFile; fileRef = 6280C52720D13B9000402CD0 /* Assets.xcassets */; };
		6280C52B20D13B9000402CD0 /* LaunchScreen.storyboard in Resources */ = {isa = PBXBuildFile; fileRef = 6280C52920D13B9000402CD0 /* LaunchScreen.storyboard */; };
		6280C53320D13C7B00402CD0 /* ListViewController.swift in Sources */ = {isa = PBXBuildFile; fileRef = 6280C53220D13C7B00402CD0 /* ListViewController.swift */; };
		6280C53520D1444E00402CD0 /* MovieVO.swift in Sources */ = {isa = PBXBuildFile; fileRef = 6280C53420D1444E00402CD0 /* MovieVO.swift */; };
/* End PBXBuildFile section */

/* Begin PBXFileReference section */
		6279CE8B20D3E7AB00B230BB /* MovieCell.swift */ = {isa = PBXFileReference; lastKnownFileType = sourcecode.swift; path = MovieCell.swift; sourceTree = "<group>"; };
		6279CE8E20D3E9B800B230BB /* rain.jpg */ = {isa = PBXFileReference; lastKnownFileType = image.jpeg; path = rain.jpg; sourceTree = "<group>"; };
		6279CE8F20D3E9B800B230BB /* darknight.jpg */ = {isa = PBXFileReference; lastKnownFileType = image.jpeg; path = darknight.jpg; sourceTree = "<group>"; };
		6279CE9020D3E9B800B230BB /* secret.jpg */ = {isa = PBXFileReference; lastKnownFileType = image.jpeg; path = secret.jpg; sourceTree = "<group>"; };
		627CF39D20E361C700FCA423 /* DetailViewController.swift */ = {isa = PBXFileReference; lastKnownFileType = sourcecode.swift; path = DetailViewController.swift; sourceTree = "<group>"; };
		627CF39F20EA337700FCA423 /* Listbullets.png */ = {isa = PBXFileReference; lastKnownFileType = image.png; path = Listbullets.png; sourceTree = "<group>"; };
		627CF3A120EA338100FCA423 /* Trailer.png */ = {isa = PBXFileReference; lastKnownFileType = image.png; path = Trailer.png; sourceTree = "<group>"; };
		627CF3A320EA374000FCA423 /* TheaterCell.swift */ = {isa = PBXFileReference; lastKnownFileType = sourcecode.swift; path = TheaterCell.swift; sourceTree = "<group>"; };
		627CF3A520EA383100FCA423 /* TheaterListController.swift */ = {isa = PBXFileReference; lastKnownFileType = sourcecode.swift; path = TheaterListController.swift; sourceTree = "<group>"; };
		6280C51D20D13B8F00402CD0 /* MyMovieChart.app */ = {isa = PBXFileReference; explicitFileType = wrapper.application; includeInIndex = 0; path = MyMovieChart.app; sourceTree = BUILT_PRODUCTS_DIR; };
		6280C52020D13B8F00402CD0 /* AppDelegate.swift */ = {isa = PBXFileReference; lastKnownFileType = sourcecode.swift; path = AppDelegate.swift; sourceTree = "<group>"; };
		6280C52520D13B8F00402CD0 /* Base */ = {isa = PBXFileReference; lastKnownFileType = file.storyboard; name = Base; path = Base.lproj/Main.storyboard; sourceTree = "<group>"; };
		6280C52720D13B9000402CD0 /* Assets.xcassets */ = {isa = PBXFileReference; lastKnownFileType = folder.assetcatalog; path = Assets.xcassets; sourceTree = "<group>"; };
		6280C52A20D13B9000402CD0 /* Base */ = {isa = PBXFileReference; lastKnownFileType = file.storyboard; name = Base; path = Base.lproj/LaunchScreen.storyboard; sourceTree = "<group>"; };
		6280C52C20D13B9000402CD0 /* Info.plist */ = {isa = PBXFileReference; lastKnownFileType = text.plist.xml; path = Info.plist; sourceTree = "<group>"; };
		6280C53220D13C7B00402CD0 /* ListViewController.swift */ = {isa = PBXFileReference; lastKnownFileType = sourcecode.swift; path = ListViewController.swift; sourceTree = "<group>"; };
		6280C53420D1444E00402CD0 /* MovieVO.swift */ = {isa = PBXFileReference; lastKnownFileType = sourcecode.swift; path = MovieVO.swift; sourceTree = "<group>"; };
/* End PBXFileReference section */

/* Begin PBXFrameworksBuildPhase section */
		6280C51A20D13B8F00402CD0 /* Frameworks */ = {
			isa = PBXFrameworksBuildPhase;
			buildActionMask = 2147483647;
			files = (
			);
			runOnlyForDeploymentPostprocessing = 0;
		};
/* End PBXFrameworksBuildPhase section */

/* Begin PBXGroup section */
		6279CE8D20D3E9A100B230BB /* Resources */ = {
			isa = PBXGroup;
			children = (
				627CF39F20EA337700FCA423 /* Listbullets.png */,
				6279CE8F20D3E9B800B230BB /* darknight.jpg */,
				6279CE8E20D3E9B800B230BB /* rain.jpg */,
				627CF3A120EA338100FCA423 /* Trailer.png */,
				6279CE9020D3E9B800B230BB /* secret.jpg */,
			);
			path = Resources;
			sourceTree = "<group>";
		};
		6280C51420D13B8F00402CD0 = {
			isa = PBXGroup;
			children = (
				6279CE8D20D3E9A100B230BB /* Resources */,
				6280C51F20D13B8F00402CD0 /* MyMovieChart */,
				6280C51E20D13B8F00402CD0 /* Products */,
			);
			sourceTree = "<group>";
		};
		6280C51E20D13B8F00402CD0 /* Products */ = {
			isa = PBXGroup;
			children = (
				6280C51D20D13B8F00402CD0 /* MyMovieChart.app */,
			);
			name = Products;
			sourceTree = "<group>";
		};
		6280C51F20D13B8F00402CD0 /* MyMovieChart */ = {
			isa = PBXGroup;
			children = (
				6280C52020D13B8F00402CD0 /* AppDelegate.swift */,
				6280C52420D13B8F00402CD0 /* Main.storyboard */,
				627CF3A320EA374000FCA423 /* TheaterCell.swift */,
				6279CE8B20D3E7AB00B230BB /* MovieCell.swift */,
				627CF3A520EA383100FCA423 /* TheaterListController.swift */,
				6280C53420D1444E00402CD0 /* MovieVO.swift */,
				627CF39D20E361C700FCA423 /* DetailViewController.swift */,
				6280C53220D13C7B00402CD0 /* ListViewController.swift */,
				6280C52720D13B9000402CD0 /* Assets.xcassets */,
				6280C52920D13B9000402CD0 /* LaunchScreen.storyboard */,
				6280C52C20D13B9000402CD0 /* Info.plist */,
			);
			path = MyMovieChart;
			sourceTree = "<group>";
		};
/* End PBXGroup section */

/* Begin PBXNativeTarget section */
		6280C51C20D13B8F00402CD0 /* MyMovieChart */ = {
			isa = PBXNativeTarget;
			buildConfigurationList = 6280C52F20D13B9000402CD0 /* Build configuration list for PBXNativeTarget "MyMovieChart" */;
			buildPhases = (
				6280C51920D13B8F00402CD0 /* Sources */,
				6280C51A20D13B8F00402CD0 /* Frameworks */,
				6280C51B20D13B8F00402CD0 /* Resources */,
			);
			buildRules = (
			);
			dependencies = (
			);
			name = MyMovieChart;
			productName = MyMovieChart;
			productReference = 6280C51D20D13B8F00402CD0 /* MyMovieChart.app */;
			productType = "com.apple.product-type.application";
		};
/* End PBXNativeTarget section */

/* Begin PBXProject section */
		6280C51520D13B8F00402CD0 /* Project object */ = {
			isa = PBXProject;
			attributes = {
				LastSwiftUpdateCheck = 0940;
				LastUpgradeCheck = 0940;
				ORGANIZATIONNAME = "ilhan won";
				TargetAttributes = {
					6280C51C20D13B8F00402CD0 = {
						CreatedOnToolsVersion = 9.4;
					};
				};
			};
			buildConfigurationList = 6280C51820D13B8F00402CD0 /* Build configuration list for PBXProject "MyMovieChart" */;
			compatibilityVersion = "Xcode 9.3";
			developmentRegion = en;
			hasScannedForEncodings = 0;
			knownRegions = (
				en,
				Base,
			);
			mainGroup = 6280C51420D13B8F00402CD0;
			productRefGroup = 6280C51E20D13B8F00402CD0 /* Products */;
			projectDirPath = "";
			projectRoot = "";
			targets = (
				6280C51C20D13B8F00402CD0 /* MyMovieChart */,
			);
		};
/* End PBXProject section */

/* Begin PBXResourcesBuildPhase section */
		6280C51B20D13B8F00402CD0 /* Resources */ = {
			isa = PBXResourcesBuildPhase;
			buildActionMask = 2147483647;
			files = (
				627CF3A020EA337700FCA423 /* Listbullets.png in Resources */,
				627CF3A220EA338100FCA423 /* Trailer.png in Resources */,
				6280C52B20D13B9000402CD0 /* LaunchScreen.storyboard in Resources */,
				6279CE9320D3E9B800B230BB /* secret.jpg in Resources */,
				6279CE9120D3E9B800B230BB /* rain.jpg in Resources */,
				6280C52820D13B9000402CD0 /* Assets.xcassets in Resources */,
				6280C52620D13B8F00402CD0 /* Main.storyboard in Resources */,
				6279CE9220D3E9B800B230BB /* darknight.jpg in Resources */,
			);
			runOnlyForDeploymentPostprocessing = 0;
		};
/* End PBXResourcesBuildPhase section */

/* Begin PBXSourcesBuildPhase section */
		6280C51920D13B8F00402CD0 /* Sources */ = {
			isa = PBXSourcesBuildPhase;
			buildActionMask = 2147483647;
			files = (
				6280C53520D1444E00402CD0 /* MovieVO.swift in Sources */,
				627CF3A420EA374000FCA423 /* TheaterCell.swift in Sources */,
				6280C52120D13B8F00402CD0 /* AppDelegate.swift in Sources */,
				627CF39E20E361C700FCA423 /* DetailViewController.swift in Sources */,
				627CF3A620EA383100FCA423 /* TheaterListController.swift in Sources */,
				6279CE8C20D3E7AB00B230BB /* MovieCell.swift in Sources */,
				6280C53320D13C7B00402CD0 /* ListViewController.swift in Sources */,
			);
			runOnlyForDeploymentPostprocessing = 0;
		};
/* End PBXSourcesBuildPhase section */

/* Begin PBXVariantGroup section */
		6280C52420D13B8F00402CD0 /* Main.storyboard */ = {
			isa = PBXVariantGroup;
			children = (
				6280C52520D13B8F00402CD0 /* Base */,
			);
			name = Main.storyboard;
			sourceTree = "<group>";
		};
		6280C52920D13B9000402CD0 /* LaunchScreen.storyboard */ = {
			isa = PBXVariantGroup;
			children = (
				6280C52A20D13B9000402CD0 /* Base */,
			);
			name = LaunchScreen.storyboard;
			sourceTree = "<group>";
		};
/* End PBXVariantGroup section */

/* Begin XCBuildConfiguration section */
		6280C52D20D13B9000402CD0 /* Debug */ = {
			isa = XCBuildConfiguration;
			buildSettings = {
				ALWAYS_SEARCH_USER_PATHS = NO;
				CLANG_ANALYZER_NONNULL = YES;
				CLANG_ANALYZER_NUMBER_OBJECT_CONVERSION = YES_AGGRESSIVE;
				CLANG_CXX_LANGUAGE_STANDARD = "gnu++14";
				CLANG_CXX_LIBRARY = "libc++";
				CLANG_ENABLE_MODULES = YES;
				CLANG_ENABLE_OBJC_ARC = YES;
				CLANG_ENABLE_OBJC_WEAK = YES;
				CLANG_WARN_BLOCK_CAPTURE_AUTORELEASING = YES;
				CLANG_WARN_BOOL_CONVERSION = YES;
				CLANG_WARN_COMMA = YES;
				CLANG_WARN_CONSTANT_CONVERSION = YES;
				CLANG_WARN_DEPRECATED_OBJC_IMPLEMENTATIONS = YES;
				CLANG_WARN_DIRECT_OBJC_ISA_USAGE = YES_ERROR;
				CLANG_WARN_DOCUMENTATION_COMMENTS = YES;
				CLANG_WARN_EMPTY_BODY = YES;
				CLANG_WARN_ENUM_CONVERSION = YES;
				CLANG_WARN_INFINITE_RECURSION = YES;
				CLANG_WARN_INT_CONVERSION = YES;
				CLANG_WARN_NON_LITERAL_NULL_CONVERSION = YES;
				CLANG_WARN_OBJC_IMPLICIT_RETAIN_SELF = YES;
				CLANG_WARN_OBJC_LITERAL_CONVERSION = YES;
				CLANG_WARN_OBJC_ROOT_CLASS = YES_ERROR;
				CLANG_WARN_RANGE_LOOP_ANALYSIS = YES;
				CLANG_WARN_STRICT_PROTOTYPES = YES;
				CLANG_WARN_SUSPICIOUS_MOVE = YES;
				CLANG_WARN_UNGUARDED_AVAILABILITY = YES_AGGRESSIVE;
				CLANG_WARN_UNREACHABLE_CODE = YES;
				CLANG_WARN__DUPLICATE_METHOD_MATCH = YES;
				CODE_SIGN_IDENTITY = "iPhone Developer";
				COPY_PHASE_STRIP = NO;
				DEBUG_INFORMATION_FORMAT = dwarf;
				ENABLE_STRICT_OBJC_MSGSEND = YES;
				ENABLE_TESTABILITY = YES;
				GCC_C_LANGUAGE_STANDARD = gnu11;
				GCC_DYNAMIC_NO_PIC = NO;
				GCC_NO_COMMON_BLOCKS = YES;
				GCC_OPTIMIZATION_LEVEL = 0;
				GCC_PREPROCESSOR_DEFINITIONS = (
					"DEBUG=1",
					"$(inherited)",
				);
				GCC_WARN_64_TO_32_BIT_CONVERSION = YES;
				GCC_WARN_ABOUT_RETURN_TYPE = YES_ERROR;
				GCC_WARN_UNDECLARED_SELECTOR = YES;
				GCC_WARN_UNINITIALIZED_AUTOS = YES_AGGRESSIVE;
				GCC_WARN_UNUSED_FUNCTION = YES;
				GCC_WARN_UNUSED_VARIABLE = YES;
				IPHONEOS_DEPLOYMENT_TARGET = 11.4;
				MTL_ENABLE_DEBUG_INFO = YES;
				ONLY_ACTIVE_ARCH = YES;
				SDKROOT = iphoneos;
				SWIFT_ACTIVE_COMPILATION_CONDITIONS = DEBUG;
				SWIFT_OPTIMIZATION_LEVEL = "-Onone";
			};
			name = Debug;
		};
		6280C52E20D13B9000402CD0 /* Release */ = {
			isa = XCBuildConfiguration;
			buildSettings = {
				ALWAYS_SEARCH_USER_PATHS = NO;
				CLANG_ANALYZER_NONNULL = YES;
				CLANG_ANALYZER_NUMBER_OBJECT_CONVERSION = YES_AGGRESSIVE;
				CLANG_CXX_LANGUAGE_STANDARD = "gnu++14";
				CLANG_CXX_LIBRARY = "libc++";
				CLANG_ENABLE_MODULES = YES;
				CLANG_ENABLE_OBJC_ARC = YES;
				CLANG_ENABLE_OBJC_WEAK = YES;
				CLANG_WARN_BLOCK_CAPTURE_AUTORELEASING = YES;
				CLANG_WARN_BOOL_CONVERSION = YES;
				CLANG_WARN_COMMA = YES;
				CLANG_WARN_CONSTANT_CONVERSION = YES;
				CLANG_WARN_DEPRECATED_OBJC_IMPLEMENTATIONS = YES;
				CLANG_WARN_DIRECT_OBJC_ISA_USAGE = YES_ERROR;
				CLANG_WARN_DOCUMENTATION_COMMENTS = YES;
				CLANG_WARN_EMPTY_BODY = YES;
				CLANG_WARN_ENUM_CONVERSION = YES;
				CLANG_WARN_INFINITE_RECURSION = YES;
				CLANG_WARN_INT_CONVERSION = YES;
				CLANG_WARN_NON_LITERAL_NULL_CONVERSION = YES;
				CLANG_WARN_OBJC_IMPLICIT_RETAIN_SELF = YES;
				CLANG_WARN_OBJC_LITERAL_CONVERSION = YES;
				CLANG_WARN_OBJC_ROOT_CLASS = YES_ERROR;
				CLANG_WARN_RANGE_LOOP_ANALYSIS = YES;
				CLANG_WARN_STRICT_PROTOTYPES = YES;
				CLANG_WARN_SUSPICIOUS_MOVE = YES;
				CLANG_WARN_UNGUARDED_AVAILABILITY = YES_AGGRESSIVE;
				CLANG_WARN_UNREACHABLE_CODE = YES;
				CLANG_WARN__DUPLICATE_METHOD_MATCH = YES;
				CODE_SIGN_IDENTITY = "iPhone Developer";
				COPY_PHASE_STRIP = NO;
				DEBUG_INFORMATION_FORMAT = "dwarf-with-dsym";
				ENABLE_NS_ASSERTIONS = NO;
				ENABLE_STRICT_OBJC_MSGSEND = YES;
				GCC_C_LANGUAGE_STANDARD = gnu11;
				GCC_NO_COMMON_BLOCKS = YES;
				GCC_WARN_64_TO_32_BIT_CONVERSION = YES;
				GCC_WARN_ABOUT_RETURN_TYPE = YES_ERROR;
				GCC_WARN_UNDECLARED_SELECTOR = YES;
				GCC_WARN_UNINITIALIZED_AUTOS = YES_AGGRESSIVE;
				GCC_WARN_UNUSED_FUNCTION = YES;
				GCC_WARN_UNUSED_VARIABLE = YES;
				IPHONEOS_DEPLOYMENT_TARGET = 11.4;
				MTL_ENABLE_DEBUG_INFO = NO;
				SDKROOT = iphoneos;
				SWIFT_COMPILATION_MODE = wholemodule;
				SWIFT_OPTIMIZATION_LEVEL = "-O";
				VALIDATE_PRODUCT = YES;
			};
			name = Release;
		};
		6280C53020D13B9000402CD0 /* Debug */ = {
			isa = XCBuildConfiguration;
			buildSettings = {
				ASSETCATALOG_COMPILER_APPICON_NAME = AppIcon;
				CODE_SIGN_STYLE = Automatic;
				INFOPLIST_FILE = MyMovieChart/Info.plist;
				LD_RUNPATH_SEARCH_PATHS = (
					"$(inherited)",
					"@executable_path/Frameworks",
				);
				PRODUCT_BUNDLE_IDENTIFIER = toffler.MyMovieChart;
				PRODUCT_NAME = "$(TARGET_NAME)";
				SWIFT_VERSION = 4.0;
				TARGETED_DEVICE_FAMILY = 1;
			};
			name = Debug;
		};
		6280C53120D13B9000402CD0 /* Release */ = {
			isa = XCBuildConfiguration;
			buildSettings = {
				ASSETCATALOG_COMPILER_APPICON_NAME = AppIcon;
				CODE_SIGN_STYLE = Automatic;
				INFOPLIST_FILE = MyMovieChart/Info.plist;
				LD_RUNPATH_SEARCH_PATHS = (
					"$(inherited)",
					"@executable_path/Frameworks",
				);
				PRODUCT_BUNDLE_IDENTIFIER = toffler.MyMovieChart;
				PRODUCT_NAME = "$(TARGET_NAME)";
				SWIFT_VERSION = 4.0;
				TARGETED_DEVICE_FAMILY = 1;
			};
			name = Release;
		};
/* End XCBuildConfiguration section */

/* Begin XCConfigurationList section */
		6280C51820D13B8F00402CD0 /* Build configuration list for PBXProject "MyMovieChart" */ = {
			isa = XCConfigurationList;
			buildConfigurations = (
				6280C52D20D13B9000402CD0 /* Debug */,
				6280C52E20D13B9000402CD0 /* Release */,
			);
			defaultConfigurationIsVisible = 0;
			defaultConfigurationName = Release;
		};
		6280C52F20D13B9000402CD0 /* Build configuration list for PBXNativeTarget "MyMovieChart" */ = {
			isa = XCConfigurationList;
			buildConfigurations = (
				6280C53020D13B9000402CD0 /* Debug */,
				6280C53120D13B9000402CD0 /* Release */,
			);
			defaultConfigurationIsVisible = 0;
			defaultConfigurationName = Release;
		};
/* End XCConfigurationList section */
	};
	rootObject = 6280C51520D13B8F00402CD0 /* Project object */;
}
